
Microsoft Visual Studio Solution File, Format Version 12.00
# Visual Studio Version 16
VisualStudioVersion = 16.0.31911.196
MinimumVisualStudioVersion = 10.0.40219.1
Project("{FAE04EC0-301F-11D3-BF4B-00C04F79EFBC}") = "PaymentProcessingManager", "PaymentProcessingManager.csproj", "{CC0A97F1-26A5-4C00-8D47-4E1DB5E33C2B}"
EndProject
Global
	GlobalSection(SolutionConfigurationPlatforms) = preSolution
		Debug|Any CPU = Debug|Any CPU
		Release|Any CPU = Release|Any CPU
	EndGlobalSection
	GlobalSection(ProjectConfigurationPlatforms) = postSolution
		{CC0A97F1-26A5-4C00-8D47-4E1DB5E33C2B}.Debug|Any CPU.ActiveCfg = Debug|Any CPU
		{CC0A97F1-26A5-4C00-8D47-4E1DB5E33C2B}.Debug|Any CPU.Build.0 = Debug|Any CPU
		{CC0A97F1-26A5-4C00-8D47-4E1DB5E33C2B}.Release|Any CPU.ActiveCfg = Release|Any CPU
		{CC0A97F1-26A5-4C00-8D47-4E1DB5E33C2B}.Release|Any CPU.Build.0 = Release|Any CPU
	EndGlobalSection
	GlobalSection(SolutionProperties) = preSolution
		HideSolutionNode = FALSE
	EndGlobalSection
	GlobalSection(ExtensibilityGlobals) = postSolution
		SolutionGuid = {E25D9210-6953-4688-9A48-AF2C27192670}
	EndGlobalSection
EndGlobal
